{
  "name": "indie-corn",
  "version": "1.0.0",
  "lockfileVersion": 1,
  "requires": true,
  "dependencies": {
    "request-light": {
      "version": "0.5.8",
      "resolved": "https://registry.npmjs.org/request-light/-/request-light-0.5.8.tgz",
      "integrity": "sha512-3Zjgh+8b5fhRJBQZoy+zbVKpAQGLyka0MPgW3zruTF4dFFJ8Fqcfu9YsAvi/rvdcaTeWG3MkbZv4WKxAn/84Lg=="
    }
  }
}
